# This file is generated by running "yarn install" inside your project.
# Manual changes might be lost - proceed with caution!

__metadata:
  version: 6
  cacheKey: 8

"root-workspace-0b6124@workspace:.":
  version: 0.0.0-use.local
  resolution: "root-workspace-0b6124@workspace:."
  dependencies:
    zenn-cli: ^0.1.158
  languageName: unknown
  linkType: soft

"zenn-cli@npm:^0.1.158":
  version: 0.1.158
  resolution: "zenn-cli@npm:0.1.158"
  bin:
    zenn: dist/server/zenn.js
  checksum: e6be0db8394d30b304c9392c0d32cc25b08acc58a0b3ebecb3d2600d2053d264cc159fec3263941187a43f8f7c95cdcbeb7079e938e7c9a67e6451759ddc8617
  languageName: node
  linkType: hard
